
Microsoft Visual Studio Solution File, Format Version 12.00
# Visual Studio Version 17
VisualStudioVersion = 17.11.35303.130
MinimumVisualStudioVersion = 10.0.40219.1
Project("{FAE04EC0-301F-11D3-BF4B-00C04F79EFBC}") = "NHLPlayers_Ass2_OOP", "NHLPlayers_Ass2_OOP.csproj", "{B1358D96-352E-4F4C-BBEA-85C6DA086C4C}"
EndProject
Global
	GlobalSection(SolutionConfigurationPlatforms) = preSolution
		Debug|Any CPU = Debug|Any CPU
		Release|Any CPU = Release|Any CPU
	EndGlobalSection
	GlobalSection(ProjectConfigurationPlatforms) = postSolution
		{B1358D96-352E-4F4C-BBEA-85C6DA086C4C}.Debug|Any CPU.ActiveCfg = Debug|Any CPU
		{B1358D96-352E-4F4C-BBEA-85C6DA086C4C}.Debug|Any CPU.Build.0 = Debug|Any CPU
		{B1358D96-352E-4F4C-BBEA-85C6DA086C4C}.Release|Any CPU.ActiveCfg = Release|Any CPU
		{B1358D96-352E-4F4C-BBEA-85C6DA086C4C}.Release|Any CPU.Build.0 = Release|Any CPU
	EndGlobalSection
	GlobalSection(SolutionProperties) = preSolution
		HideSolutionNode = FALSE
	EndGlobalSection
	GlobalSection(ExtensibilityGlobals) = postSolution
		SolutionGuid = {87C96B12-4B90-4E5B-83B1-242FA650E70E}
	EndGlobalSection
EndGlobal
